Microsoft Visual Studio Solution File, Format Version 12.00
# Visual Studio Version 18
VisualStudioVersion = 18.5.11709.299 stable
MinimumVisualStudioVersion = 10.0.40219.1
Project("{FAE04EC0-301F-11D3-BF4B-00C04F79EFBC}") = "SoftinsaBadgesWeb", "SoftinsaBadgesWeb.csproj", "{A7C63E5D-7368-42D6-B429-2D67C9EF2A1A}"
EndProject
Global
	GlobalSection(SolutionConfigurationPlatforms) = preSolution
		Debug|Any CPU = Debug|Any CPU
	EndGlobalSection
	GlobalSection(ProjectConfigurationPlatforms) = postSolution
		{A7C63E5D-7368-42D6-B429-2D67C9EF2A1A}.Debug|Any CPU.ActiveCfg = Debug|Any CPU
		{A7C63E5D-7368-42D6-B429-2D67C9EF2A1A}.Debug|Any CPU.Build.0 = Debug|Any CPU
	EndGlobalSection
	GlobalSection(SolutionProperties) = preSolution
		HideSolutionNode = FALSE
	EndGlobalSection
EndGlobal
